// !$*UTF8*$!
{
	archiveVersion = 1;
	classes = {
	};
	objectVersion = 50;
	objects = {

/* Begin PBXBuildFile section */
		5485B00326624696006D3940 /* WidgetsLibrary.h in Headers */ = {isa = PBXBuildFile; fileRef = 5485B00126624696006D3940 /* WidgetsLibrary.h */; settings = {ATTRIBUTES = (Public, ); }; };
		5485B00A266247E9006D3940 /* FDRoundButton.swift in Sources */ = {isa = PBXBuildFile; fileRef = 5485B009266247E9006D3940 /* FDRoundButton.swift */; };
		54F3E12526638163008E107E /* FDLogCollectionViewCell.swift in Sources */ = {isa = PBXBuildFile; fileRef = 54F3E12326638163008E107E /* FDLogCollectionViewCell.swift */; };
		54F3E12626638163008E107E /* FDLogView.swift in Sources */ = {isa = PBXBuildFile; fileRef = 54F3E12426638163008E107E /* FDLogView.swift */; };
		54F3E12A266381C1008E107E /* FDLogView.xib in Resources */ = {isa = PBXBuildFile; fileRef = 54F3E128266381C1008E107E /* FDLogView.xib */; };
		54F3E12B266381C1008E107E /* FDLogCollectionViewCell.xib in Resources */ = {isa = PBXBuildFile; fileRef = 54F3E129266381C1008E107E /* FDLogCollectionViewCell.xib */; };
		54F3E132266382D9008E107E /* FDLogUnitModel.swift in Sources */ = {isa = PBXBuildFile; fileRef = 54F3E131266382D9008E107E /* FDLogUnitModel.swift */; };
/* End PBXBuildFile section */

/* Begin PBXFileReference section */
		5485AFFE26624696006D3940 /* WidgetsLibrary.framework */ = {isa = PBXFileReference; explicitFileType = wrapper.framework; includeInIndex = 0; path = WidgetsLibrary.framework; sourceTree = BUILT_PRODUCTS_DIR; };
		5485B00126624696006D3940 /* WidgetsLibrary.h */ = {isa = PBXFileReference; lastKnownFileType = sourcecode.c.h; path = WidgetsLibrary.h; sourceTree = "<group>"; };
		5485B00226624696006D3940 /* Info.plist */ = {isa = PBXFileReference; lastKnownFileType = text.plist.xml; path = Info.plist; sourceTree = "<group>"; };
		5485B009266247E9006D3940 /* FDRoundButton.swift */ = {isa = PBXFileReference; lastKnownFileType = sourcecode.swift; path = FDRoundButton.swift; sourceTree = "<group>"; };
		54F3E12326638163008E107E /* FDLogCollectionViewCell.swift */ = {isa = PBXFileReference; fileEncoding = 4; lastKnownFileType = sourcecode.swift; path = FDLogCollectionViewCell.swift; sourceTree = "<group>"; };
		54F3E12426638163008E107E /* FDLogView.swift */ = {isa = PBXFileReference; fileEncoding = 4; lastKnownFileType = sourcecode.swift; path = FDLogView.swift; sourceTree = "<group>"; };
		54F3E128266381C1008E107E /* FDLogView.xib */ = {isa = PBXFileReference; fileEncoding = 4; lastKnownFileType = file.xib; path = FDLogView.xib; sourceTree = "<group>"; };
		54F3E129266381C1008E107E /* FDLogCollectionViewCell.xib */ = {isa = PBXFileReference; fileEncoding = 4; lastKnownFileType = file.xib; path = FDLogCollectionViewCell.xib; sourceTree = "<group>"; };
		54F3E131266382D9008E107E /* FDLogUnitModel.swift */ = {isa = PBXFileReference; lastKnownFileType = sourcecode.swift; path = FDLogUnitModel.swift; sourceTree = "<group>"; };
/* End PBXFileReference section */

/* Begin PBXFrameworksBuildPhase section */
		5485AFFB26624696006D3940 /* Frameworks */ = {
			isa = PBXFrameworksBuildPhase;
			buildActionMask = 2147483647;
			files = (
			);
			runOnlyForDeploymentPostprocessing = 0;
		};
/* End PBXFrameworksBuildPhase section */

/* Begin PBXGroup section */
		5485AFF426624696006D3940 = {
			isa = PBXGroup;
			children = (
				5485B00026624696006D3940 /* WidgetsLibrary */,
				5485AFFF26624696006D3940 /* Products */,
			);
			sourceTree = "<group>";
		};
		5485AFFF26624696006D3940 /* Products */ = {
			isa = PBXGroup;
			children = (
				5485AFFE26624696006D3940 /* WidgetsLibrary.framework */,
			);
			name = Products;
			sourceTree = "<group>";
		};
		5485B00026624696006D3940 /* WidgetsLibrary */ = {
			isa = PBXGroup;
			children = (
				5485B00126624696006D3940 /* WidgetsLibrary.h */,
				54F3E13026638264008E107E /* Model */,
				54F3E127266381C1008E107E /* Nib */,
				5485B00226624696006D3940 /* Info.plist */,
				54F3E12326638163008E107E /* FDLogCollectionViewCell.swift */,
				54F3E12426638163008E107E /* FDLogView.swift */,
				5485B009266247E9006D3940 /* FDRoundButton.swift */,
			);
			path = WidgetsLibrary;
			sourceTree = "<group>";
		};
		54F3E127266381C1008E107E /* Nib */ = {
			isa = PBXGroup;
			children = (
				54F3E128266381C1008E107E /* FDLogView.xib */,
				54F3E129266381C1008E107E /* FDLogCollectionViewCell.xib */,
			);
			name = Nib;
			path = FDWidgetsBundle/Nib;
			sourceTree = SOURCE_ROOT;
		};
		54F3E13026638264008E107E /* Model */ = {
			isa = PBXGroup;
			children = (
				54F3E131266382D9008E107E /* FDLogUnitModel.swift */,
			);
			path = Model;
			sourceTree = "<group>";
		};
/* End PBXGroup section */

/* Begin PBXHeadersBuildPhase section */
		5485AFF926624696006D3940 /* Headers */ = {
			isa = PBXHeadersBuildPhase;
			buildActionMask = 2147483647;
			files = (
				5485B00326624696006D3940 /* WidgetsLibrary.h in Headers */,
			);
			runOnlyForDeploymentPostprocessing = 0;
		};
/* End PBXHeadersBuildPhase section */

/* Begin PBXNativeTarget section */
		5485AFFD26624696006D3940 /* WidgetsLibrary */ = {
			isa = PBXNativeTarget;
			buildConfigurationList = 5485B00626624696006D3940 /* Build configuration list for PBXNativeTarget "WidgetsLibrary" */;
			buildPhases = (
				5485AFF926624696006D3940 /* Headers */,
				5485AFFA26624696006D3940 /* Sources */,
				5485AFFB26624696006D3940 /* Frameworks */,
				5485AFFC26624696006D3940 /* Resources */,
			);
			buildRules = (
			);
			dependencies = (
			);
			name = WidgetsLibrary;
			productName = WidgetsLibrary;
			productReference = 5485AFFE26624696006D3940 /* WidgetsLibrary.framework */;
			productType = "com.apple.product-type.framework";
		};
/* End PBXNativeTarget section */

/* Begin PBXProject section */
		5485AFF526624696006D3940 /* Project object */ = {
			isa = PBXProject;
			attributes = {
				LastUpgradeCheck = 1250;
				TargetAttributes = {
					5485AFFD26624696006D3940 = {
						CreatedOnToolsVersion = 12.5;
						LastSwiftMigration = 1250;
					};
				};
			};
			buildConfigurationList = 5485AFF826624696006D3940 /* Build configuration list for PBXProject "WidgetsLibrary" */;
			compatibilityVersion = "Xcode 9.3";
			developmentRegion = en;
			hasScannedForEncodings = 0;
			knownRegions = (
				en,
				Base,
			);
			mainGroup = 5485AFF426624696006D3940;
			productRefGroup = 5485AFFF26624696006D3940 /* Products */;
			projectDirPath = "";
			projectRoot = "";
			targets = (
				5485AFFD26624696006D3940 /* WidgetsLibrary */,
			);
		};
/* End PBXProject section */

/* Begin PBXResourcesBuildPhase section */
		5485AFFC26624696006D3940 /* Resources */ = {
			isa = PBXResourcesBuildPhase;
			buildActionMask = 2147483647;
			files = (
				54F3E12A266381C1008E107E /* FDLogView.xib in Resources */,
				54F3E12B266381C1008E107E /* FDLogCollectionViewCell.xib in Resources */,
			);
			runOnlyForDeploymentPostprocessing = 0;
		};
/* End PBXResourcesBuildPhase section */

/* Begin PBXSourcesBuildPhase section */
		5485AFFA26624696006D3940 /* Sources */ = {
			isa = PBXSourcesBuildPhase;
			buildActionMask = 2147483647;
			files = (
				54F3E132266382D9008E107E /* FDLogUnitModel.swift in Sources */,
				5485B00A266247E9006D3940 /* FDRoundButton.swift in Sources */,
				54F3E12526638163008E107E /* FDLogCollectionViewCell.swift in Sources */,
				54F3E12626638163008E107E /* FDLogView.swift in Sources */,
			);
			runOnlyForDeploymentPostprocessing = 0;
		};
/* End PBXSourcesBuildPhase section */

/* Begin XCBuildConfiguration section */
		5485B00426624696006D3940 /* Debug */ = {
			isa = XCBuildConfiguration;
			buildSettings = {
				ALWAYS_SEARCH_USER_PATHS = NO;
				CLANG_ANALYZER_NONNULL = YES;
				CLANG_ANALYZER_NUMBER_OBJECT_CONVERSION = YES_AGGRESSIVE;
				CLANG_CXX_LANGUAGE_STANDARD = "gnu++14";
				CLANG_CXX_LIBRARY = "libc++";
				CLANG_ENABLE_MODULES = YES;
				CLANG_ENABLE_OBJC_ARC = YES;
				CLANG_ENABLE_OBJC_WEAK = YES;
				CLANG_WARN_BLOCK_CAPTURE_AUTORELEASING = YES;
				CLANG_WARN_BOOL_CONVERSION = YES;
				CLANG_WARN_COMMA = YES;
				CLANG_WARN_CONSTANT_CONVERSION = YES;
				CLANG_WARN_DEPRECATED_OBJC_IMPLEMENTATIONS = YES;
				CLANG_WARN_DIRECT_OBJC_ISA_USAGE = YES_ERROR;
				CLANG_WARN_DOCUMENTATION_COMMENTS = YES;
				CLANG_WARN_EMPTY_BODY = YES;
				CLANG_WARN_ENUM_CONVERSION = YES;
				CLANG_WARN_INFINITE_RECURSION = YES;
				CLANG_WARN_INT_CONVERSION = YES;
				CLANG_WARN_NON_LITERAL_NULL_CONVERSION = YES;
				CLANG_WARN_OBJC_IMPLICIT_RETAIN_SELF = YES;
				CLANG_WARN_OBJC_LITERAL_CONVERSION = YES;
				CLANG_WARN_OBJC_ROOT_CLASS = YES_ERROR;
				CLANG_WARN_QUOTED_INCLUDE_IN_FRAMEWORK_HEADER = YES;
				CLANG_WARN_RANGE_LOOP_ANALYSIS = YES;
				CLANG_WARN_STRICT_PROTOTYPES = YES;
				CLANG_WARN_SUSPICIOUS_MOVE = YES;
				CLANG_WARN_UNGUARDED_AVAILABILITY = YES_AGGRESSIVE;
				CLANG_WARN_UNREACHABLE_CODE = YES;
				CLANG_WARN__DUPLICATE_METHOD_MATCH = YES;
				COPY_PHASE_STRIP = NO;
				CURRENT_PROJECT_VERSION = 1;
				DEBUG_INFORMATION_FORMAT = dwarf;
				ENABLE_STRICT_OBJC_MSGSEND = YES;
				ENABLE_TESTABILITY = YES;
				GCC_C_LANGUAGE_STANDARD = gnu11;
				GCC_DYNAMIC_NO_PIC = NO;
				GCC_NO_COMMON_BLOCKS = YES;
				GCC_OPTIMIZATION_LEVEL = 0;
				GCC_PREPROCESSOR_DEFINITIONS = (
					"DEBUG=1",
					"$(inherited)",
				);
				GCC_WARN_64_TO_32_BIT_CONVERSION = YES;
				GCC_WARN_ABOUT_RETURN_TYPE = YES_ERROR;
				GCC_WARN_UNDECLARED_SELECTOR = YES;
				GCC_WARN_UNINITIALIZED_AUTOS = YES_AGGRESSIVE;
				GCC_WARN_UNUSED_FUNCTION = YES;
				GCC_WARN_UNUSED_VARIABLE = YES;
				IPHONEOS_DEPLOYMENT_TARGET = 14.5;
				MTL_ENABLE_DEBUG_INFO = INCLUDE_SOURCE;
				MTL_FAST_MATH = YES;
				ONLY_ACTIVE_ARCH = YES;
				SDKROOT = iphoneos;
				SWIFT_ACTIVE_COMPILATION_CONDITIONS = DEBUG;
				SWIFT_OPTIMIZATION_LEVEL = "-Onone";
				VERSIONING_SYSTEM = "apple-generic";
				VERSION_INFO_PREFIX = "";
			};
			name = Debug;
		};
		5485B00526624696006D3940 /* Release */ = {
			isa = XCBuildConfiguration;
			buildSettings = {
				ALWAYS_SEARCH_USER_PATHS = NO;
				CLANG_ANALYZER_NONNULL = YES;
				CLANG_ANALYZER_NUMBER_OBJECT_CONVERSION = YES_AGGRESSIVE;
				CLANG_CXX_LANGUAGE_STANDARD = "gnu++14";
				CLANG_CXX_LIBRARY = "libc++";
				CLANG_ENABLE_MODULES = YES;
				CLANG_ENABLE_OBJC_ARC = YES;
				CLANG_ENABLE_OBJC_WEAK = YES;
				CLANG_WARN_BLOCK_CAPTURE_AUTORELEASING = YES;
				CLANG_WARN_BOOL_CONVERSION = YES;
				CLANG_WARN_COMMA = YES;
				CLANG_WARN_CONSTANT_CONVERSION = YES;
				CLANG_WARN_DEPRECATED_OBJC_IMPLEMENTATIONS = YES;
				CLANG_WARN_DIRECT_OBJC_ISA_USAGE = YES_ERROR;
				CLANG_WARN_DOCUMENTATION_COMMENTS = YES;
				CLANG_WARN_EMPTY_BODY = YES;
				CLANG_WARN_ENUM_CONVERSION = YES;
				CLANG_WARN_INFINITE_RECURSION = YES;
				CLANG_WARN_INT_CONVERSION = YES;
				CLANG_WARN_NON_LITERAL_NULL_CONVERSION = YES;
				CLANG_WARN_OBJC_IMPLICIT_RETAIN_SELF = YES;
				CLANG_WARN_OBJC_LITERAL_CONVERSION = YES;
				CLANG_WARN_OBJC_ROOT_CLASS = YES_ERROR;
				CLANG_WARN_QUOTED_INCLUDE_IN_FRAMEWORK_HEADER = YES;
				CLANG_WARN_RANGE_LOOP_ANALYSIS = YES;
				CLANG_WARN_STRICT_PROTOTYPES = YES;
				CLANG_WARN_SUSPICIOUS_MOVE = YES;
				CLANG_WARN_UNGUARDED_AVAILABILITY = YES_AGGRESSIVE;
				CLANG_WARN_UNREACHABLE_CODE = YES;
				CLANG_WARN__DUPLICATE_METHOD_MATCH = YES;
				COPY_PHASE_STRIP = NO;
				CURRENT_PROJECT_VERSION = 1;
				DEBUG_INFORMATION_FORMAT = "dwarf-with-dsym";
				ENABLE_NS_ASSERTIONS = NO;
				ENABLE_STRICT_OBJC_MSGSEND = YES;
				GCC_C_LANGUAGE_STANDARD = gnu11;
				GCC_NO_COMMON_BLOCKS = YES;
				GCC_WARN_64_TO_32_BIT_CONVERSION = YES;
				GCC_WARN_ABOUT_RETURN_TYPE = YES_ERROR;
				GCC_WARN_UNDECLARED_SELECTOR = YES;
				GCC_WARN_UNINITIALIZED_AUTOS = YES_AGGRESSIVE;
				GCC_WARN_UNUSED_FUNCTION = YES;
				GCC_WARN_UNUSED_VARIABLE = YES;
				IPHONEOS_DEPLOYMENT_TARGET = 14.5;
				MTL_ENABLE_DEBUG_INFO = NO;
				MTL_FAST_MATH = YES;
				SDKROOT = iphoneos;
				SWIFT_COMPILATION_MODE = wholemodule;
				SWIFT_OPTIMIZATION_LEVEL = "-O";
				VALIDATE_PRODUCT = YES;
				VERSIONING_SYSTEM = "apple-generic";
				VERSION_INFO_PREFIX = "";
			};
			name = Release;
		};
		5485B00726624696006D3940 /* Debug */ = {
			isa = XCBuildConfiguration;
			buildSettings = {
				CLANG_ENABLE_MODULES = YES;
				CODE_SIGN_STYLE = Automatic;
				DEFINES_MODULE = YES;
				DEVELOPMENT_TEAM = 6R5AD28K6Z;
				DYLIB_COMPATIBILITY_VERSION = 1;
				DYLIB_CURRENT_VERSION = 1;
				DYLIB_INSTALL_NAME_BASE = "@rpath";
				INFOPLIST_FILE = WidgetsLibrary/Info.plist;
				INSTALL_PATH = "$(LOCAL_LIBRARY_DIR)/Frameworks";
				LD_RUNPATH_SEARCH_PATHS = (
					"$(inherited)",
					"@executable_path/Frameworks",
					"@loader_path/Frameworks",
				);
				MACH_O_TYPE = mh_dylib;
				PRODUCT_BUNDLE_IDENTIFIER = FUNDEV.WidgetsLibrary;
				PRODUCT_NAME = "$(TARGET_NAME:c99extidentifier)";
				SKIP_INSTALL = YES;
				SWIFT_OPTIMIZATION_LEVEL = "-Onone";
				SWIFT_VERSION = 5.0;
				TARGETED_DEVICE_FAMILY = "1,2";
			};
			name = Debug;
		};
		5485B00826624696006D3940 /* Release */ = {
			isa = XCBuildConfiguration;
			buildSettings = {
				CLANG_ENABLE_MODULES = YES;
				CODE_SIGN_STYLE = Automatic;
				DEFINES_MODULE = YES;
				DEVELOPMENT_TEAM = 6R5AD28K6Z;
				DYLIB_COMPATIBILITY_VERSION = 1;
				DYLIB_CURRENT_VERSION = 1;
				DYLIB_INSTALL_NAME_BASE = "@rpath";
				INFOPLIST_FILE = WidgetsLibrary/Info.plist;
				INSTALL_PATH = "$(LOCAL_LIBRARY_DIR)/Frameworks";
				LD_RUNPATH_SEARCH_PATHS = (
					"$(inherited)",
					"@executable_path/Frameworks",
					"@loader_path/Frameworks",
				);
				MACH_O_TYPE = mh_dylib;
				PRODUCT_BUNDLE_IDENTIFIER = FUNDEV.WidgetsLibrary;
				PRODUCT_NAME = "$(TARGET_NAME:c99extidentifier)";
				SKIP_INSTALL = YES;
				SWIFT_VERSION = 5.0;
				TARGETED_DEVICE_FAMILY = "1,2";
			};
			name = Release;
		};
/* End XCBuildConfiguration section */

/* Begin XCConfigurationList section */
		5485AFF826624696006D3940 /* Build configuration list for PBXProject "WidgetsLibrary" */ = {
			isa = XCConfigurationList;
			buildConfigurations = (
				5485B00426624696006D3940 /* Debug */,
				5485B00526624696006D3940 /* Release */,
			);
			defaultConfigurationIsVisible = 0;
			defaultConfigurationName = Release;
		};
		5485B00626624696006D3940 /* Build configuration list for PBXNativeTarget "WidgetsLibrary" */ = {
			isa = XCConfigurationList;
			buildConfigurations = (
				5485B00726624696006D3940 /* Debug */,
				5485B00826624696006D3940 /* Release */,
			);
			defaultConfigurationIsVisible = 0;
			defaultConfigurationName = Release;
		};
/* End XCConfigurationList section */
	};
	rootObject = 5485AFF526624696006D3940 /* Project object */;
}
